
Microsoft Visual Studio Solution File, Format Version 12.00
# Visual Studio 15
VisualStudioVersion = 15.0.27428.2037
MinimumVisualStudioVersion = 10.0.40219.1
Project("{8BC9CEB8-8B4A-11D0-8D11-00A0C91BC942}") = "HW8-Recursion", "HW8-Recursion\HW8-Recursion.vcxproj", "{CEA08ACB-CC0B-405D-9F7B-523782C7E63D}"
EndProject
Global
	GlobalSection(SolutionConfigurationPlatforms) = preSolution
		Debug|x64 = Debug|x64
		Debug|x86 = Debug|x86
		Release|x64 = Release|x64
		Release|x86 = Release|x86
	EndGlobalSection
	GlobalSection(ProjectConfigurationPlatforms) = postSolution
		{CEA08ACB-CC0B-405D-9F7B-523782C7E63D}.Debug|x64.ActiveCfg = Debug|x64
		{CEA08ACB-CC0B-405D-9F7B-523782C7E63D}.Debug|x64.Build.0 = Debug|x64
		{CEA08ACB-CC0B-405D-9F7B-523782C7E63D}.Debug|x86.ActiveCfg = Debug|Win32
		{CEA08ACB-CC0B-405D-9F7B-523782C7E63D}.Debug|x86.Build.0 = Debug|Win32
		{CEA08ACB-CC0B-405D-9F7B-523782C7E63D}.Release|x64.ActiveCfg = Release|x64
		{CEA08ACB-CC0B-405D-9F7B-523782C7E63D}.Release|x64.Build.0 = Release|x64
		{CEA08ACB-CC0B-405D-9F7B-523782C7E63D}.Release|x86.ActiveCfg = Release|Win32
		{CEA08ACB-CC0B-405D-9F7B-523782C7E63D}.Release|x86.Build.0 = Release|Win32
	EndGlobalSection
	GlobalSection(SolutionProperties) = preSolution
		HideSolutionNode = FALSE
	EndGlobalSection
	GlobalSection(ExtensibilityGlobals) = postSolution
		SolutionGuid = {16CEAA54-BF4D-430E-91E4-6591D5B97919}
	EndGlobalSection
EndGlobal
